
Microsoft Visual Studio Solution File, Format Version 12.00
# Visual Studio Version 17
VisualStudioVersion = 17.14.36414.22 d17.14
MinimumVisualStudioVersion = 10.0.40219.1
Project("{FAE04EC0-301F-11D3-BF4B-00C04F79EFBC}") = "Resturant-Labb1", "Resturant-Labb1.csproj", "{02427ECF-9764-4A73-918B-DF275B138BCE}"
EndProject
Global
	GlobalSection(SolutionConfigurationPlatforms) = preSolution
		Debug|Any CPU = Debug|Any CPU
		Release|Any CPU = Release|Any CPU
	EndGlobalSection
	GlobalSection(ProjectConfigurationPlatforms) = postSolution
		{02427ECF-9764-4A73-918B-DF275B138BCE}.Debug|Any CPU.ActiveCfg = Debug|Any CPU
		{02427ECF-9764-4A73-918B-DF275B138BCE}.Debug|Any CPU.Build.0 = Debug|Any CPU
		{02427ECF-9764-4A73-918B-DF275B138BCE}.Release|Any CPU.ActiveCfg = Release|Any CPU
		{02427ECF-9764-4A73-918B-DF275B138BCE}.Release|Any CPU.Build.0 = Release|Any CPU
	EndGlobalSection
	GlobalSection(SolutionProperties) = preSolution
		HideSolutionNode = FALSE
	EndGlobalSection
	GlobalSection(ExtensibilityGlobals) = postSolution
		SolutionGuid = {4129004A-5F87-44C4-905B-DC6CCCDA10BB}
	EndGlobalSection
EndGlobal
